// !$*UTF8*$!
{
	archiveVersion = 1;
	classes = {
	};
	objectVersion = 48;
	objects = {

/* Begin PBXBuildFile section */
		1ED127222046E95300AC3EE5 /* AppDelegate.m in Sources */ = {isa = PBXBuildFile; fileRef = 1ED127212046E95300AC3EE5 /* AppDelegate.m */; };
		1ED127252046E95300AC3EE5 /* ViewController.m in Sources */ = {isa = PBXBuildFile; fileRef = 1ED127242046E95300AC3EE5 /* ViewController.m */; };
		1ED127282046E95300AC3EE5 /* Main.storyboard in Resources */ = {isa = PBXBuildFile; fileRef = 1ED127262046E95300AC3EE5 /* Main.storyboard */; };
		1ED1272B2046E95300AC3EE5 /* PrivateChat.xcdatamodeld in Sources */ = {isa = PBXBuildFile; fileRef = 1ED127292046E95300AC3EE5 /* PrivateChat.xcdatamodeld */; };
		1ED1272D2046E95300AC3EE5 /* Assets.xcassets in Resources */ = {isa = PBXBuildFile; fileRef = 1ED1272C2046E95300AC3EE5 /* Assets.xcassets */; };
		1ED127302046E95300AC3EE5 /* LaunchScreen.storyboard in Resources */ = {isa = PBXBuildFile; fileRef = 1ED1272E2046E95300AC3EE5 /* LaunchScreen.storyboard */; };
		1ED127332046E95300AC3EE5 /* main.m in Sources */ = {isa = PBXBuildFile; fileRef = 1ED127322046E95300AC3EE5 /* main.m */; };
		1ED1273D2046E95300AC3EE5 /* PrivateChatTests.m in Sources */ = {isa = PBXBuildFile; fileRef = 1ED1273C2046E95300AC3EE5 /* PrivateChatTests.m */; };
		1ED127482046E95300AC3EE5 /* PrivateChatUITests.m in Sources */ = {isa = PBXBuildFile; fileRef = 1ED127472046E95300AC3EE5 /* PrivateChatUITests.m */; };
		F94852FE376196CDA3F54F4B /* libPods-PrivateChat.a in Frameworks */ = {isa = PBXBuildFile; fileRef = 4673FC923D246909B4AE0F6F /* libPods-PrivateChat.a */; };
/* End PBXBuildFile section */

/* Begin PBXContainerItemProxy section */
		1ED127392046E95300AC3EE5 /* PBXContainerItemProxy */ = {
			isa = PBXContainerItemProxy;
			containerPortal = 1ED127152046E95300AC3EE5 /* Project object */;
			proxyType = 1;
			remoteGlobalIDString = 1ED1271C2046E95300AC3EE5;
			remoteInfo = PrivateChat;
		};
		1ED127442046E95300AC3EE5 /* PBXContainerItemProxy */ = {
			isa = PBXContainerItemProxy;
			containerPortal = 1ED127152046E95300AC3EE5 /* Project object */;
			proxyType = 1;
			remoteGlobalIDString = 1ED1271C2046E95300AC3EE5;
			remoteInfo = PrivateChat;
		};
/* End PBXContainerItemProxy section */

/* Begin PBXFileReference section */
		1ED1271D2046E95300AC3EE5 /* PrivateChat.app */ = {isa = PBXFileReference; explicitFileType = wrapper.application; includeInIndex = 0; path = PrivateChat.app; sourceTree = BUILT_PRODUCTS_DIR; };
		1ED127202046E95300AC3EE5 /* AppDelegate.h */ = {isa = PBXFileReference; lastKnownFileType = sourcecode.c.h; path = AppDelegate.h; sourceTree = "<group>"; };
		1ED127212046E95300AC3EE5 /* AppDelegate.m */ = {isa = PBXFileReference; lastKnownFileType = sourcecode.c.objc; path = AppDelegate.m; sourceTree = "<group>"; };
		1ED127232046E95300AC3EE5 /* ViewController.h */ = {isa = PBXFileReference; lastKnownFileType = sourcecode.c.h; path = ViewController.h; sourceTree = "<group>"; };
		1ED127242046E95300AC3EE5 /* ViewController.m */ = {isa = PBXFileReference; lastKnownFileType = sourcecode.c.objc; path = ViewController.m; sourceTree = "<group>"; };
		1ED127272046E95300AC3EE5 /* Base */ = {isa = PBXFileReference; lastKnownFileType = file.storyboard; name = Base; path = Base.lproj/Main.storyboard; sourceTree = "<group>"; };
		1ED1272A2046E95300AC3EE5 /* PrivateChat.xcdatamodel */ = {isa = PBXFileReference; lastKnownFileType = wrapper.xcdatamodel; path = PrivateChat.xcdatamodel; sourceTree = "<group>"; };
		1ED1272C2046E95300AC3EE5 /* Assets.xcassets */ = {isa = PBXFileReference; lastKnownFileType = folder.assetcatalog; path = Assets.xcassets; sourceTree = "<group>"; };
		1ED1272F2046E95300AC3EE5 /* Base */ = {isa = PBXFileReference; lastKnownFileType = file.storyboard; name = Base; path = Base.lproj/LaunchScreen.storyboard; sourceTree = "<group>"; };
		1ED127312046E95300AC3EE5 /* Info.plist */ = {isa = PBXFileReference; lastKnownFileType = text.plist.xml; path = Info.plist; sourceTree = "<group>"; };
		1ED127322046E95300AC3EE5 /* main.m */ = {isa = PBXFileReference; lastKnownFileType = sourcecode.c.objc; path = main.m; sourceTree = "<group>"; };
		1ED127382046E95300AC3EE5 /* PrivateChatTests.xctest */ = {isa = PBXFileReference; explicitFileType = wrapper.cfbundle; includeInIndex = 0; path = PrivateChatTests.xctest; sourceTree = BUILT_PRODUCTS_DIR; };
		1ED1273C2046E95300AC3EE5 /* PrivateChatTests.m */ = {isa = PBXFileReference; lastKnownFileType = sourcecode.c.objc; path = PrivateChatTests.m; sourceTree = "<group>"; };
		1ED1273E2046E95300AC3EE5 /* Info.plist */ = {isa = PBXFileReference; lastKnownFileType = text.plist.xml; path = Info.plist; sourceTree = "<group>"; };
		1ED127432046E95300AC3EE5 /* PrivateChatUITests.xctest */ = {isa = PBXFileReference; explicitFileType = wrapper.cfbundle; includeInIndex = 0; path = PrivateChatUITests.xctest; sourceTree = BUILT_PRODUCTS_DIR; };
		1ED127472046E95300AC3EE5 /* PrivateChatUITests.m */ = {isa = PBXFileReference; lastKnownFileType = sourcecode.c.objc; path = PrivateChatUITests.m; sourceTree = "<group>"; };
		1ED127492046E95300AC3EE5 /* Info.plist */ = {isa = PBXFileReference; lastKnownFileType = text.plist.xml; path = Info.plist; sourceTree = "<group>"; };
		4673FC923D246909B4AE0F6F /* libPods-PrivateChat.a */ = {isa = PBXFileReference; explicitFileType = archive.ar; includeInIndex = 0; path = "libPods-PrivateChat.a"; sourceTree = BUILT_PRODUCTS_DIR; };
		61B22BE3D788E214140A4AFA /* Pods-PrivateChat.debug.xcconfig */ = {isa = PBXFileReference; includeInIndex = 1; lastKnownFileType = text.xcconfig; name = "Pods-PrivateChat.debug.xcconfig"; path = "Pods/Target Support Files/Pods-PrivateChat/Pods-PrivateChat.debug.xcconfig"; sourceTree = "<group>"; };
		C18AF62F820B8F44B4693073 /* Pods-PrivateChat.release.xcconfig */ = {isa = PBXFileReference; includeInIndex = 1; lastKnownFileType = text.xcconfig; name = "Pods-PrivateChat.release.xcconfig"; path = "Pods/Target Support Files/Pods-PrivateChat/Pods-PrivateChat.release.xcconfig"; sourceTree = "<group>"; };
/* End PBXFileReference section */

/* Begin PBXFrameworksBuildPhase section */
		1ED1271A2046E95300AC3EE5 /* Frameworks */ = {
			isa = PBXFrameworksBuildPhase;
			buildActionMask = 2147483647;
			files = (
				F94852FE376196CDA3F54F4B /* libPods-PrivateChat.a in Frameworks */,
			);
			runOnlyForDeploymentPostprocessing = 0;
		};
		1ED127352046E95300AC3EE5 /* Frameworks */ = {
			isa = PBXFrameworksBuildPhase;
			buildActionMask = 2147483647;
			files = (
			);
			runOnlyForDeploymentPostprocessing = 0;
		};
		1ED127402046E95300AC3EE5 /* Frameworks */ = {
			isa = PBXFrameworksBuildPhase;
			buildActionMask = 2147483647;
			files = (
			);
			runOnlyForDeploymentPostprocessing = 0;
		};
/* End PBXFrameworksBuildPhase section */

/* Begin PBXGroup section */
		1ED127142046E95300AC3EE5 = {
			isa = PBXGroup;
			children = (
				1ED1271F2046E95300AC3EE5 /* PrivateChat */,
				1ED1273B2046E95300AC3EE5 /* PrivateChatTests */,
				1ED127462046E95300AC3EE5 /* PrivateChatUITests */,
				1ED1271E2046E95300AC3EE5 /* Products */,
				B6FC73CFC7895CB8A4768279 /* Pods */,
				77A14EDD0BA88D7D8BB9415C /* Frameworks */,
			);
			sourceTree = "<group>";
		};
		1ED1271E2046E95300AC3EE5 /* Products */ = {
			isa = PBXGroup;
			children = (
				1ED1271D2046E95300AC3EE5 /* PrivateChat.app */,
				1ED127382046E95300AC3EE5 /* PrivateChatTests.xctest */,
				1ED127432046E95300AC3EE5 /* PrivateChatUITests.xctest */,
			);
			name = Products;
			sourceTree = "<group>";
		};
		1ED1271F2046E95300AC3EE5 /* PrivateChat */ = {
			isa = PBXGroup;
			children = (
				1ED127202046E95300AC3EE5 /* AppDelegate.h */,
				1ED127212046E95300AC3EE5 /* AppDelegate.m */,
				1ED127232046E95300AC3EE5 /* ViewController.h */,
				1ED127242046E95300AC3EE5 /* ViewController.m */,
				1ED127262046E95300AC3EE5 /* Main.storyboard */,
				1ED1272C2046E95300AC3EE5 /* Assets.xcassets */,
				1ED1272E2046E95300AC3EE5 /* LaunchScreen.storyboard */,
				1ED127312046E95300AC3EE5 /* Info.plist */,
				1ED127322046E95300AC3EE5 /* main.m */,
				1ED127292046E95300AC3EE5 /* PrivateChat.xcdatamodeld */,
			);
			path = PrivateChat;
			sourceTree = "<group>";
		};
		1ED1273B2046E95300AC3EE5 /* PrivateChatTests */ = {
			isa = PBXGroup;
			children = (
				1ED1273C2046E95300AC3EE5 /* PrivateChatTests.m */,
				1ED1273E2046E95300AC3EE5 /* Info.plist */,
			);
			path = PrivateChatTests;
			sourceTree = "<group>";
		};
		1ED127462046E95300AC3EE5 /* PrivateChatUITests */ = {
			isa = PBXGroup;
			children = (
				1ED127472046E95300AC3EE5 /* PrivateChatUITests.m */,
				1ED127492046E95300AC3EE5 /* Info.plist */,
			);
			path = PrivateChatUITests;
			sourceTree = "<group>";
		};
		77A14EDD0BA88D7D8BB9415C /* Frameworks */ = {
			isa = PBXGroup;
			children = (
				4673FC923D246909B4AE0F6F /* libPods-PrivateChat.a */,
			);
			name = Frameworks;
			sourceTree = "<group>";
		};
		B6FC73CFC7895CB8A4768279 /* Pods */ = {
			isa = PBXGroup;
			children = (
				61B22BE3D788E214140A4AFA /* Pods-PrivateChat.debug.xcconfig */,
				C18AF62F820B8F44B4693073 /* Pods-PrivateChat.release.xcconfig */,
			);
			name = Pods;
			sourceTree = "<group>";
		};
/* End PBXGroup section */

/* Begin PBXNativeTarget section */
		1ED1271C2046E95300AC3EE5 /* PrivateChat */ = {
			isa = PBXNativeTarget;
			buildConfigurationList = 1ED1274C2046E95300AC3EE5 /* Build configuration list for PBXNativeTarget "PrivateChat" */;
			buildPhases = (
				4ED7363ACFA2E5BA14E7A244 /* [CP] Check Pods Manifest.lock */,
				1ED127192046E95300AC3EE5 /* Sources */,
				1ED1271A2046E95300AC3EE5 /* Frameworks */,
				1ED1271B2046E95300AC3EE5 /* Resources */,
				3370D726DC0B0676D0A5186E /* [CP] Embed Pods Frameworks */,
				F10F1F09CB16E6CC4F25EB62 /* [CP] Copy Pods Resources */,
			);
			buildRules = (
			);
			dependencies = (
			);
			name = PrivateChat;
			productName = PrivateChat;
			productReference = 1ED1271D2046E95300AC3EE5 /* PrivateChat.app */;
			productType = "com.apple.product-type.application";
		};
		1ED127372046E95300AC3EE5 /* PrivateChatTests */ = {
			isa = PBXNativeTarget;
			buildConfigurationList = 1ED1274F2046E95300AC3EE5 /* Build configuration list for PBXNativeTarget "PrivateChatTests" */;
			buildPhases = (
				1ED127342046E95300AC3EE5 /* Sources */,
				1ED127352046E95300AC3EE5 /* Frameworks */,
				1ED127362046E95300AC3EE5 /* Resources */,
			);
			buildRules = (
			);
			dependencies = (
				1ED1273A2046E95300AC3EE5 /* PBXTargetDependency */,
			);
			name = PrivateChatTests;
			productName = PrivateChatTests;
			productReference = 1ED127382046E95300AC3EE5 /* PrivateChatTests.xctest */;
			productType = "com.apple.product-type.bundle.unit-test";
		};
		1ED127422046E95300AC3EE5 /* PrivateChatUITests */ = {
			isa = PBXNativeTarget;
			buildConfigurationList = 1ED127522046E95300AC3EE5 /* Build configuration list for PBXNativeTarget "PrivateChatUITests" */;
			buildPhases = (
				1ED1273F2046E95300AC3EE5 /* Sources */,
				1ED127402046E95300AC3EE5 /* Frameworks */,
				1ED127412046E95300AC3EE5 /* Resources */,
			);
			buildRules = (
			);
			dependencies = (
				1ED127452046E95300AC3EE5 /* PBXTargetDependency */,
			);
			name = PrivateChatUITests;
			productName = PrivateChatUITests;
			productReference = 1ED127432046E95300AC3EE5 /* PrivateChatUITests.xctest */;
			productType = "com.apple.product-type.bundle.ui-testing";
		};
/* End PBXNativeTarget section */

/* Begin PBXProject section */
		1ED127152046E95300AC3EE5 /* Project object */ = {
			isa = PBXProject;
			attributes = {
				LastUpgradeCheck = 0920;
				ORGANIZATIONNAME = "shiping li";
				TargetAttributes = {
					1ED1271C2046E95300AC3EE5 = {
						CreatedOnToolsVersion = 9.2;
						ProvisioningStyle = Automatic;
					};
					1ED127372046E95300AC3EE5 = {
						CreatedOnToolsVersion = 9.2;
						ProvisioningStyle = Automatic;
						TestTargetID = 1ED1271C2046E95300AC3EE5;
					};
					1ED127422046E95300AC3EE5 = {
						CreatedOnToolsVersion = 9.2;
						ProvisioningStyle = Automatic;
						TestTargetID = 1ED1271C2046E95300AC3EE5;
					};
				};
			};
			buildConfigurationList = 1ED127182046E95300AC3EE5 /* Build configuration list for PBXProject "PrivateChat" */;
			compatibilityVersion = "Xcode 8.0";
			developmentRegion = en;
			hasScannedForEncodings = 0;
			knownRegions = (
				en,
				Base,
			);
			mainGroup = 1ED127142046E95300AC3EE5;
			productRefGroup = 1ED1271E2046E95300AC3EE5 /* Products */;
			projectDirPath = "";
			projectRoot = "";
			targets = (
				1ED1271C2046E95300AC3EE5 /* PrivateChat */,
				1ED127372046E95300AC3EE5 /* PrivateChatTests */,
				1ED127422046E95300AC3EE5 /* PrivateChatUITests */,
			);
		};
/* End PBXProject section */

/* Begin PBXResourcesBuildPhase section */
		1ED1271B2046E95300AC3EE5 /* Resources */ = {
			isa = PBXResourcesBuildPhase;
			buildActionMask = 2147483647;
			files = (
				1ED127302046E95300AC3EE5 /* LaunchScreen.storyboard in Resources */,
				1ED1272D2046E95300AC3EE5 /* Assets.xcassets in Resources */,
				1ED127282046E95300AC3EE5 /* Main.storyboard in Resources */,
			);
			runOnlyForDeploymentPostprocessing = 0;
		};
		1ED127362046E95300AC3EE5 /* Resources */ = {
			isa = PBXResourcesBuildPhase;
			buildActionMask = 2147483647;
			files = (
			);
			runOnlyForDeploymentPostprocessing = 0;
		};
		1ED127412046E95300AC3EE5 /* Resources */ = {
			isa = PBXResourcesBuildPhase;
			buildActionMask = 2147483647;
			files = (
			);
			runOnlyForDeploymentPostprocessing = 0;
		};
/* End PBXResourcesBuildPhase section */

/* Begin PBXShellScriptBuildPhase section */
		3370D726DC0B0676D0A5186E /* [CP] Embed Pods Frameworks */ = {
			isa = PBXShellScriptBuildPhase;
			buildActionMask = 2147483647;
			files = (
			);
			inputPaths = (
			);
			name = "[CP] Embed Pods Frameworks";
			outputPaths = (
			);
			runOnlyForDeploymentPostprocessing = 0;
			shellPath = /bin/sh;
			shellScript = "\"${SRCROOT}/Pods/Target Support Files/Pods-PrivateChat/Pods-PrivateChat-frameworks.sh\"\n";
			showEnvVarsInLog = 0;
		};
		4ED7363ACFA2E5BA14E7A244 /* [CP] Check Pods Manifest.lock */ = {
			isa = PBXShellScriptBuildPhase;
			buildActionMask = 2147483647;
			files = (
			);
			inputPaths = (
				"${PODS_PODFILE_DIR_PATH}/Podfile.lock",
				"${PODS_ROOT}/Manifest.lock",
			);
			name = "[CP] Check Pods Manifest.lock";
			outputPaths = (
				"$(DERIVED_FILE_DIR)/Pods-PrivateChat-checkManifestLockResult.txt",
			);
			runOnlyForDeploymentPostprocessing = 0;
			shellPath = /bin/sh;
			shellScript = "diff \"${PODS_PODFILE_DIR_PATH}/Podfile.lock\" \"${PODS_ROOT}/Manifest.lock\" > /dev/null\nif [ $? != 0 ] ; then\n    # print error to STDERR\n    echo \"error: The sandbox is not in sync with the Podfile.lock. Run 'pod install' or update your CocoaPods installation.\" >&2\n    exit 1\nfi\n# This output is used by Xcode 'outputs' to avoid re-running this script phase.\necho \"SUCCESS\" > \"${SCRIPT_OUTPUT_FILE_0}\"\n";
			showEnvVarsInLog = 0;
		};
		F10F1F09CB16E6CC4F25EB62 /* [CP] Copy Pods Resources */ = {
			isa = PBXShellScriptBuildPhase;
			buildActionMask = 2147483647;
			files = (
			);
			inputPaths = (
				"${SRCROOT}/Pods/Target Support Files/Pods-PrivateChat/Pods-PrivateChat-resources.sh",
				"${PODS_ROOT}/AVOSCloud/AVOS/AVOSCloud/AVOSCloud_Art.inc",
				"${PODS_ROOT}/JavaScriptCoreOpalAdditions/JavaScriptCoreOpalAdditions/Opal.bundle",
				"${PODS_ROOT}/SPCategory/SPCategory/Resource/SPCategory.bundle",
				"${PODS_ROOT}/SPWebView/SPWebView/SPWebView/Resource/SPWebView.bundle",
			);
			name = "[CP] Copy Pods Resources";
			outputPaths = (
				"${TARGET_BUILD_DIR}/${UNLOCALIZED_RESOURCES_FOLDER_PATH}",
			);
			runOnlyForDeploymentPostprocessing = 0;
			shellPath = /bin/sh;
			shellScript = "\"${SRCROOT}/Pods/Target Support Files/Pods-PrivateChat/Pods-PrivateChat-resources.sh\"\n";
			showEnvVarsInLog = 0;
		};
/* End PBXShellScriptBuildPhase section */

/* Begin PBXSourcesBuildPhase section */
		1ED127192046E95300AC3EE5 /* Sources */ = {
			isa = PBXSourcesBuildPhase;
			buildActionMask = 2147483647;
			files = (
				1ED1272B2046E95300AC3EE5 /* PrivateChat.xcdatamodeld in Sources */,
				1ED127252046E95300AC3EE5 /* ViewController.m in Sources */,
				1ED127332046E95300AC3EE5 /* main.m in Sources */,
				1ED127222046E95300AC3EE5 /* AppDelegate.m in Sources */,
			);
			runOnlyForDeploymentPostprocessing = 0;
		};
		1ED127342046E95300AC3EE5 /* Sources */ = {
			isa = PBXSourcesBuildPhase;
			buildActionMask = 2147483647;
			files = (
				1ED1273D2046E95300AC3EE5 /* PrivateChatTests.m in Sources */,
			);
			runOnlyForDeploymentPostprocessing = 0;
		};
		1ED1273F2046E95300AC3EE5 /* Sources */ = {
			isa = PBXSourcesBuildPhase;
			buildActionMask = 2147483647;
			files = (
				1ED127482046E95300AC3EE5 /* PrivateChatUITests.m in Sources */,
			);
			runOnlyForDeploymentPostprocessing = 0;
		};
/* End PBXSourcesBuildPhase section */

/* Begin PBXTargetDependency section */
		1ED1273A2046E95300AC3EE5 /* PBXTargetDependency */ = {
			isa = PBXTargetDependency;
			target = 1ED1271C2046E95300AC3EE5 /* PrivateChat */;
			targetProxy = 1ED127392046E95300AC3EE5 /* PBXContainerItemProxy */;
		};
		1ED127452046E95300AC3EE5 /* PBXTargetDependency */ = {
			isa = PBXTargetDependency;
			target = 1ED1271C2046E95300AC3EE5 /* PrivateChat */;
			targetProxy = 1ED127442046E95300AC3EE5 /* PBXContainerItemProxy */;
		};
/* End PBXTargetDependency section */

/* Begin PBXVariantGroup section */
		1ED127262046E95300AC3EE5 /* Main.storyboard */ = {
			isa = PBXVariantGroup;
			children = (
				1ED127272046E95300AC3EE5 /* Base */,
			);
			name = Main.storyboard;
			sourceTree = "<group>";
		};
		1ED1272E2046E95300AC3EE5 /* LaunchScreen.storyboard */ = {
			isa = PBXVariantGroup;
			children = (
				1ED1272F2046E95300AC3EE5 /* Base */,
			);
			name = LaunchScreen.storyboard;
			sourceTree = "<group>";
		};
/* End PBXVariantGroup section */

/* Begin XCBuildConfiguration section */
		1ED1274A2046E95300AC3EE5 /* Debug */ = {
			isa = XCBuildConfiguration;
			buildSettings = {
				ALWAYS_SEARCH_USER_PATHS = NO;
				CLANG_ANALYZER_NONNULL = YES;
				CLANG_ANALYZER_NUMBER_OBJECT_CONVERSION = YES_AGGRESSIVE;
				CLANG_CXX_LANGUAGE_STANDARD = "gnu++14";
				CLANG_CXX_LIBRARY = "libc++";
				CLANG_ENABLE_MODULES = YES;
				CLANG_ENABLE_OBJC_ARC = YES;
				CLANG_WARN_BLOCK_CAPTURE_AUTORELEASING = YES;
				CLANG_WARN_BOOL_CONVERSION = YES;
				CLANG_WARN_COMMA = YES;
				CLANG_WARN_CONSTANT_CONVERSION = YES;
				CLANG_WARN_DIRECT_OBJC_ISA_USAGE = YES_ERROR;
				CLANG_WARN_DOCUMENTATION_COMMENTS = YES;
				CLANG_WARN_EMPTY_BODY = YES;
				CLANG_WARN_ENUM_CONVERSION = YES;
				CLANG_WARN_INFINITE_RECURSION = YES;
				CLANG_WARN_INT_CONVERSION = YES;
				CLANG_WARN_NON_LITERAL_NULL_CONVERSION = YES;
				CLANG_WARN_OBJC_LITERAL_CONVERSION = YES;
				CLANG_WARN_OBJC_ROOT_CLASS = YES_ERROR;
				CLANG_WARN_RANGE_LOOP_ANALYSIS = YES;
				CLANG_WARN_STRICT_PROTOTYPES = YES;
				CLANG_WARN_SUSPICIOUS_MOVE = YES;
				CLANG_WARN_UNGUARDED_AVAILABILITY = YES_AGGRESSIVE;
				CLANG_WARN_UNREACHABLE_CODE = YES;
				CLANG_WARN__DUPLICATE_METHOD_MATCH = YES;
				CODE_SIGN_IDENTITY = "iPhone Developer";
				COPY_PHASE_STRIP = NO;
				DEBUG_INFORMATION_FORMAT = dwarf;
				ENABLE_STRICT_OBJC_MSGSEND = YES;
				ENABLE_TESTABILITY = YES;
				GCC_C_LANGUAGE_STANDARD = gnu11;
				GCC_DYNAMIC_NO_PIC = NO;
				GCC_NO_COMMON_BLOCKS = YES;
				GCC_OPTIMIZATION_LEVEL = 0;
				GCC_PREPROCESSOR_DEFINITIONS = (
					"DEBUG=1",
					"$(inherited)",
				);
				GCC_WARN_64_TO_32_BIT_CONVERSION = YES;
				GCC_WARN_ABOUT_RETURN_TYPE = YES_ERROR;
				GCC_WARN_UNDECLARED_SELECTOR = YES;
				GCC_WARN_UNINITIALIZED_AUTOS = YES_AGGRESSIVE;
				GCC_WARN_UNUSED_FUNCTION = YES;
				GCC_WARN_UNUSED_VARIABLE = YES;
				IPHONEOS_DEPLOYMENT_TARGET = 11.2;
				MTL_ENABLE_DEBUG_INFO = YES;
				ONLY_ACTIVE_ARCH = YES;
				SDKROOT = iphoneos;
			};
			name = Debug;
		};
		1ED1274B2046E95300AC3EE5 /* Release */ = {
			isa = XCBuildConfiguration;
			buildSettings = {
				ALWAYS_SEARCH_USER_PATHS = NO;
				CLANG_ANALYZER_NONNULL = YES;
				CLANG_ANALYZER_NUMBER_OBJECT_CONVERSION = YES_AGGRESSIVE;
				CLANG_CXX_LANGUAGE_STANDARD = "gnu++14";
				CLANG_CXX_LIBRARY = "libc++";
				CLANG_ENABLE_MODULES = YES;
				CLANG_ENABLE_OBJC_ARC = YES;
				CLANG_WARN_BLOCK_CAPTURE_AUTORELEASING = YES;
				CLANG_WARN_BOOL_CONVERSION = YES;
				CLANG_WARN_COMMA = YES;
				CLANG_WARN_CONSTANT_CONVERSION = YES;
				CLANG_WARN_DIRECT_OBJC_ISA_USAGE = YES_ERROR;
				CLANG_WARN_DOCUMENTATION_COMMENTS = YES;
				CLANG_WARN_EMPTY_BODY = YES;
				CLANG_WARN_ENUM_CONVERSION = YES;
				CLANG_WARN_INFINITE_RECURSION = YES;
				CLANG_WARN_INT_CONVERSION = YES;
				CLANG_WARN_NON_LITERAL_NULL_CONVERSION = YES;
				CLANG_WARN_OBJC_LITERAL_CONVERSION = YES;
				CLANG_WARN_OBJC_ROOT_CLASS = YES_ERROR;
				CLANG_WARN_RANGE_LOOP_ANALYSIS = YES;
				CLANG_WARN_STRICT_PROTOTYPES = YES;
				CLANG_WARN_SUSPICIOUS_MOVE = YES;
				CLANG_WARN_UNGUARDED_AVAILABILITY = YES_AGGRESSIVE;
				CLANG_WARN_UNREACHABLE_CODE = YES;
				CLANG_WARN__DUPLICATE_METHOD_MATCH = YES;
				CODE_SIGN_IDENTITY = "iPhone Developer";
				COPY_PHASE_STRIP = NO;
				DEBUG_INFORMATION_FORMAT = "dwarf-with-dsym";
				ENABLE_NS_ASSERTIONS = NO;
				ENABLE_STRICT_OBJC_MSGSEND = YES;
				GCC_C_LANGUAGE_STANDARD = gnu11;
				GCC_NO_COMMON_BLOCKS = YES;
				GCC_WARN_64_TO_32_BIT_CONVERSION = YES;
				GCC_WARN_ABOUT_RETURN_TYPE = YES_ERROR;
				GCC_WARN_UNDECLARED_SELECTOR = YES;
				GCC_WARN_UNINITIALIZED_AUTOS = YES_AGGRESSIVE;
				GCC_WARN_UNUSED_FUNCTION = YES;
				GCC_WARN_UNUSED_VARIABLE = YES;
				IPHONEOS_DEPLOYMENT_TARGET = 11.2;
				MTL_ENABLE_DEBUG_INFO = NO;
				SDKROOT = iphoneos;
				VALIDATE_PRODUCT = YES;
			};
			name = Release;
		};
		1ED1274D2046E95300AC3EE5 /* Debug */ = {
			isa = XCBuildConfiguration;
			baseConfigurationReference = 61B22BE3D788E214140A4AFA /* Pods-PrivateChat.debug.xcconfig */;
			buildSettings = {
				ASSETCATALOG_COMPILER_APPICON_NAME = AppIcon;
				CODE_SIGN_STYLE = Automatic;
				INFOPLIST_FILE = PrivateChat/Info.plist;
				LD_RUNPATH_SEARCH_PATHS = "$(inherited) @executable_path/Frameworks";
				PRODUCT_BUNDLE_IDENTIFIER = lishiping.PrivateChat;
				PRODUCT_NAME = "$(TARGET_NAME)";
				TARGETED_DEVICE_FAMILY = "1,2";
			};
			name = Debug;
		};
		1ED1274E2046E95300AC3EE5 /* Release */ = {
			isa = XCBuildConfiguration;
			baseConfigurationReference = C18AF62F820B8F44B4693073 /* Pods-PrivateChat.release.xcconfig */;
			buildSettings = {
				ASSETCATALOG_COMPILER_APPICON_NAME = AppIcon;
				CODE_SIGN_STYLE = Automatic;
				INFOPLIST_FILE = PrivateChat/Info.plist;
				LD_RUNPATH_SEARCH_PATHS = "$(inherited) @executable_path/Frameworks";
				PRODUCT_BUNDLE_IDENTIFIER = lishiping.PrivateChat;
				PRODUCT_NAME = "$(TARGET_NAME)";
				TARGETED_DEVICE_FAMILY = "1,2";
			};
			name = Release;
		};
		1ED127502046E95300AC3EE5 /* Debug */ = {
			isa = XCBuildConfiguration;
			buildSettings = {
				BUNDLE_LOADER = "$(TEST_HOST)";
				CODE_SIGN_STYLE = Automatic;
				INFOPLIST_FILE = PrivateChatTests/Info.plist;
				LD_RUNPATH_SEARCH_PATHS = "$(inherited) @executable_path/Frameworks @loader_path/Frameworks";
				PRODUCT_BUNDLE_IDENTIFIER = lishiping.PrivateChatTests;
				PRODUCT_NAME = "$(TARGET_NAME)";
				TARGETED_DEVICE_FAMILY = "1,2";
				TEST_HOST = "$(BUILT_PRODUCTS_DIR)/PrivateChat.app/PrivateChat";
			};
			name = Debug;
		};
		1ED127512046E95300AC3EE5 /* Release */ = {
			isa = XCBuildConfiguration;
			buildSettings = {
				BUNDLE_LOADER = "$(TEST_HOST)";
				CODE_SIGN_STYLE = Automatic;
				INFOPLIST_FILE = PrivateChatTests/Info.plist;
				LD_RUNPATH_SEARCH_PATHS = "$(inherited) @executable_path/Frameworks @loader_path/Frameworks";
				PRODUCT_BUNDLE_IDENTIFIER = lishiping.PrivateChatTests;
				PRODUCT_NAME = "$(TARGET_NAME)";
				TARGETED_DEVICE_FAMILY = "1,2";
				TEST_HOST = "$(BUILT_PRODUCTS_DIR)/PrivateChat.app/PrivateChat";
			};
			name = Release;
		};
		1ED127532046E95300AC3EE5 /* Debug */ = {
			isa = XCBuildConfiguration;
			buildSettings = {
				CODE_SIGN_STYLE = Automatic;
				INFOPLIST_FILE = PrivateChatUITests/Info.plist;
				LD_RUNPATH_SEARCH_PATHS = "$(inherited) @executable_path/Frameworks @loader_path/Frameworks";
				PRODUCT_BUNDLE_IDENTIFIER = lishiping.PrivateChatUITests;
				PRODUCT_NAME = "$(TARGET_NAME)";
				TARGETED_DEVICE_FAMILY = "1,2";
				TEST_TARGET_NAME = PrivateChat;
			};
			name = Debug;
		};
		1ED127542046E95300AC3EE5 /* Release */ = {
			isa = XCBuildConfiguration;
			buildSettings = {
				CODE_SIGN_STYLE = Automatic;
				INFOPLIST_FILE = PrivateChatUITests/Info.plist;
				LD_RUNPATH_SEARCH_PATHS = "$(inherited) @executable_path/Frameworks @loader_path/Frameworks";
				PRODUCT_BUNDLE_IDENTIFIER = lishiping.PrivateChatUITests;
				PRODUCT_NAME = "$(TARGET_NAME)";
				TARGETED_DEVICE_FAMILY = "1,2";
				TEST_TARGET_NAME = PrivateChat;
			};
			name = Release;
		};
/* End XCBuildConfiguration section */

/* Begin XCConfigurationList section */
		1ED127182046E95300AC3EE5 /* Build configuration list for PBXProject "PrivateChat" */ = {
			isa = XCConfigurationList;
			buildConfigurations = (
				1ED1274A2046E95300AC3EE5 /* Debug */,
				1ED1274B2046E95300AC3EE5 /* Release */,
			);
			defaultConfigurationIsVisible = 0;
			defaultConfigurationName = Release;
		};
		1ED1274C2046E95300AC3EE5 /* Build configuration list for PBXNativeTarget "PrivateChat" */ = {
			isa = XCConfigurationList;
			buildConfigurations = (
				1ED1274D2046E95300AC3EE5 /* Debug */,
				1ED1274E2046E95300AC3EE5 /* Release */,
			);
			defaultConfigurationIsVisible = 0;
			defaultConfigurationName = Release;
		};
		1ED1274F2046E95300AC3EE5 /* Build configuration list for PBXNativeTarget "PrivateChatTests" */ = {
			isa = XCConfigurationList;
			buildConfigurations = (
				1ED127502046E95300AC3EE5 /* Debug */,
				1ED127512046E95300AC3EE5 /* Release */,
			);
			defaultConfigurationIsVisible = 0;
			defaultConfigurationName = Release;
		};
		1ED127522046E95300AC3EE5 /* Build configuration list for PBXNativeTarget "PrivateChatUITests" */ = {
			isa = XCConfigurationList;
			buildConfigurations = (
				1ED127532046E95300AC3EE5 /* Debug */,
				1ED127542046E95300AC3EE5 /* Release */,
			);
			defaultConfigurationIsVisible = 0;
			defaultConfigurationName = Release;
		};
/* End XCConfigurationList section */

/* Begin XCVersionGroup section */
		1ED127292046E95300AC3EE5 /* PrivateChat.xcdatamodeld */ = {
			isa = XCVersionGroup;
			children = (
				1ED1272A2046E95300AC3EE5 /* PrivateChat.xcdatamodel */,
			);
			currentVersion = 1ED1272A2046E95300AC3EE5 /* PrivateChat.xcdatamodel */;
			path = PrivateChat.xcdatamodeld;
			sourceTree = "<group>";
			versionGroupType = wrapper.xcdatamodel;
		};
/* End XCVersionGroup section */
	};
	rootObject = 1ED127152046E95300AC3EE5 /* Project object */;
}
